
Microsoft Visual Studio Solution File, Format Version 12.00
# Visual Studio 15
VisualStudioVersion = 15.0.27130.2026
MinimumVisualStudioVersion = 10.0.40219.1
Project("{9A19103F-16F7-4668-BE54-9A1E7A4F7556}") = "SmartSql", "src\SmartSql\SmartSql.csproj", "{A579D5D5-1311-4DD9-AE62-3EFE43BB87A1}"
EndProject
Project("{9A19103F-16F7-4668-BE54-9A1E7A4F7556}") = "SmartSql.Cache.Redis", "src\SmartSql.Cache.Redis\SmartSql.Cache.Redis.csproj", "{93C6C660-D8A8-4548-8921-AF2D9B7D847A}"
EndProject
Project("{9A19103F-16F7-4668-BE54-9A1E7A4F7556}") = "SmartSql.ZooKeeperConfig", "src\SmartSql.ZooKeeperConfig\SmartSql.ZooKeeperConfig.csproj", "{E793B9C1-23DD-4D12-9257-48177ED2AF6F}"
EndProject
Project("{2150E333-8FDC-42A3-9474-1A3956D46DE8}") = "Tests", "Tests", "{8EF12533-817B-464A-A5B3-FEAE6E7541B7}"
EndProject
Project("{9A19103F-16F7-4668-BE54-9A1E7A4F7556}") = "SmartSql.ConsoleTests", "src\SmartSql.ConsoleTests\SmartSql.ConsoleTests.csproj", "{4FFABF3E-6443-4BFF-976D-1949197096AE}"
EndProject
Project("{9A19103F-16F7-4668-BE54-9A1E7A4F7556}") = "SmartSql.DyRepository", "src\SmartSql.DyRepository\SmartSql.DyRepository.csproj", "{B627989A-6428-4EDF-AFDE-1AA1C6C77B04}"
EndProject
Project("{9A19103F-16F7-4668-BE54-9A1E7A4F7556}") = "SmartSql.UTests", "src\SmartSql.UTests\SmartSql.UTests.csproj", "{842BB849-5D9D-4FCB-9DD3-152717CE8C94}"
EndProject
Project("{9A19103F-16F7-4668-BE54-9A1E7A4F7556}") = "SmartSql.PerformanceTests", "src\SmartSql.PerformanceTests\SmartSql.PerformanceTests.csproj", "{ADB05E37-A528-4120-993A-1C351CC96BA1}"
EndProject
Project("{9A19103F-16F7-4668-BE54-9A1E7A4F7556}") = "SmartSql.DapperDeserializer", "src\SmartSql.DapperDeserializer\SmartSql.DapperDeserializer.csproj", "{F2169B5F-B215-42AA-8F62-DEEE596A6404}"
EndProject
Project("{2150E333-8FDC-42A3-9474-1A3956D46DE8}") = "Solution Items", "Solution Items", "{56A313A6-578F-42C7-9E39-7847C38F2EFE}"
EndProject
Project("{9A19103F-16F7-4668-BE54-9A1E7A4F7556}") = "SmartSql.DIExtension", "src\SmartSql.DIExtension\SmartSql.DIExtension.csproj", "{4481026A-DFA6-4D4C-9D56-9777F1235AF3}"
EndProject
Project("{9A19103F-16F7-4668-BE54-9A1E7A4F7556}") = "SmartSql.TypeHandler", "src\SmartSql.TypeHandler\SmartSql.TypeHandler.csproj", "{9634AE6E-FCEF-4208-BE31-A7F3D5F86E0B}"
EndProject
Project("{9A19103F-16F7-4668-BE54-9A1E7A4F7556}") = "SmartSql.DataAccess", "src\SmartSql.DataAccess\SmartSql.DataAccess.csproj", "{AFFE077F-7BA0-4E4B-8258-64F94AFFD906}"
EndProject
Project("{9A19103F-16F7-4668-BE54-9A1E7A4F7556}") = "SmartSql.Options", "src\SmartSql.Options\SmartSql.Options.csproj", "{A40C7B3F-F2DA-47B4-908D-E7BB8BD9129C}"
EndProject
Project("{9A19103F-16F7-4668-BE54-9A1E7A4F7556}") = "SmartSql.AOP", "src\SmartSql.AOP\SmartSql.AOP.csproj", "{351F5809-0CD0-4453-964C-FF5EF68D318B}"
EndProject
Project("{9A19103F-16F7-4668-BE54-9A1E7A4F7556}") = "SmartSql.Extensions", "src\SmartSql.Extensions\SmartSql.Extensions.csproj", "{70465DA9-354E-4864-99D6-4BF53ECB077B}"
EndProject
Project("{2150E333-8FDC-42A3-9474-1A3956D46DE8}") = "Batch", "Batch", "{04BFB546-1EC7-4093-8549-F0AB787B55AB}"
EndProject
Project("{9A19103F-16F7-4668-BE54-9A1E7A4F7556}") = "SmartSql.Batch", "src\SmartSql.Batch\SmartSql.Batch.csproj", "{B5E7D5C7-4A45-4078-96E1-D896B7823ABB}"
EndProject
Project("{9A19103F-16F7-4668-BE54-9A1E7A4F7556}") = "SmartSql.Batch.PostgreSql", "src\SmartSql.Batch.PostgreSql\SmartSql.Batch.PostgreSql.csproj", "{13224C4C-F793-412F-9660-316AB59909F4}"
EndProject
Project("{9A19103F-16F7-4668-BE54-9A1E7A4F7556}") = "SmartSql.Batch.SqlServer", "src\SmartSql.Batch.SqlServer\SmartSql.Batch.SqlServer.csproj", "{AA664F95-D254-446E-88ED-53ED3E8AC6B0}"
EndProject
Project("{9A19103F-16F7-4668-BE54-9A1E7A4F7556}") = "SmartSql.Batch.MySql", "src\SmartSql.Batch.MySql\SmartSql.Batch.MySql.csproj", "{E7EDB9B4-DF80-46FC-B366-073689839AFA}"
EndProject
Project("{9A19103F-16F7-4668-BE54-9A1E7A4F7556}") = "SmartSql.TypeHandler.PostgreSql", "src\SmartSql.TypeHandler.PostgreSql\SmartSql.TypeHandler.PostgreSql.csproj", "{F3064623-46A8-4271-9F27-6EE0D36AF6FE}"
EndProject
Global
	GlobalSection(SolutionConfigurationPlatforms) = preSolution
		Debug|Any CPU = Debug|Any CPU
		Release|Any CPU = Release|Any CPU
	EndGlobalSection
	GlobalSection(ProjectConfigurationPlatforms) = postSolution
		{A579D5D5-1311-4DD9-AE62-3EFE43BB87A1}.Debug|Any CPU.ActiveCfg = Debug|Any CPU
		{A579D5D5-1311-4DD9-AE62-3EFE43BB87A1}.Debug|Any CPU.Build.0 = Debug|Any CPU
		{A579D5D5-1311-4DD9-AE62-3EFE43BB87A1}.Release|Any CPU.ActiveCfg = Release|Any CPU
		{A579D5D5-1311-4DD9-AE62-3EFE43BB87A1}.Release|Any CPU.Build.0 = Release|Any CPU
		{93C6C660-D8A8-4548-8921-AF2D9B7D847A}.Debug|Any CPU.ActiveCfg = Debug|Any CPU
		{93C6C660-D8A8-4548-8921-AF2D9B7D847A}.Debug|Any CPU.Build.0 = Debug|Any CPU
		{93C6C660-D8A8-4548-8921-AF2D9B7D847A}.Release|Any CPU.ActiveCfg = Release|Any CPU
		{93C6C660-D8A8-4548-8921-AF2D9B7D847A}.Release|Any CPU.Build.0 = Release|Any CPU
		{E793B9C1-23DD-4D12-9257-48177ED2AF6F}.Debug|Any CPU.ActiveCfg = Debug|Any CPU
		{E793B9C1-23DD-4D12-9257-48177ED2AF6F}.Debug|Any CPU.Build.0 = Debug|Any CPU
		{E793B9C1-23DD-4D12-9257-48177ED2AF6F}.Release|Any CPU.ActiveCfg = Release|Any CPU
		{E793B9C1-23DD-4D12-9257-48177ED2AF6F}.Release|Any CPU.Build.0 = Release|Any CPU
		{4FFABF3E-6443-4BFF-976D-1949197096AE}.Debug|Any CPU.ActiveCfg = Debug|Any CPU
		{4FFABF3E-6443-4BFF-976D-1949197096AE}.Debug|Any CPU.Build.0 = Debug|Any CPU
		{4FFABF3E-6443-4BFF-976D-1949197096AE}.Release|Any CPU.ActiveCfg = Release|Any CPU
		{4FFABF3E-6443-4BFF-976D-1949197096AE}.Release|Any CPU.Build.0 = Release|Any CPU
		{B627989A-6428-4EDF-AFDE-1AA1C6C77B04}.Debug|Any CPU.ActiveCfg = Debug|Any CPU
		{B627989A-6428-4EDF-AFDE-1AA1C6C77B04}.Debug|Any CPU.Build.0 = Debug|Any CPU
		{B627989A-6428-4EDF-AFDE-1AA1C6C77B04}.Release|Any CPU.ActiveCfg = Release|Any CPU
		{B627989A-6428-4EDF-AFDE-1AA1C6C77B04}.Release|Any CPU.Build.0 = Release|Any CPU
		{842BB849-5D9D-4FCB-9DD3-152717CE8C94}.Debug|Any CPU.ActiveCfg = Debug|Any CPU
		{842BB849-5D9D-4FCB-9DD3-152717CE8C94}.Debug|Any CPU.Build.0 = Debug|Any CPU
		{842BB849-5D9D-4FCB-9DD3-152717CE8C94}.Release|Any CPU.ActiveCfg = Release|Any CPU
		{842BB849-5D9D-4FCB-9DD3-152717CE8C94}.Release|Any CPU.Build.0 = Release|Any CPU
		{ADB05E37-A528-4120-993A-1C351CC96BA1}.Debug|Any CPU.ActiveCfg = Debug|Any CPU
		{ADB05E37-A528-4120-993A-1C351CC96BA1}.Debug|Any CPU.Build.0 = Debug|Any CPU
		{ADB05E37-A528-4120-993A-1C351CC96BA1}.Release|Any CPU.ActiveCfg = Release|Any CPU
		{ADB05E37-A528-4120-993A-1C351CC96BA1}.Release|Any CPU.Build.0 = Release|Any CPU
		{F2169B5F-B215-42AA-8F62-DEEE596A6404}.Debug|Any CPU.ActiveCfg = Debug|Any CPU
		{F2169B5F-B215-42AA-8F62-DEEE596A6404}.Debug|Any CPU.Build.0 = Debug|Any CPU
		{F2169B5F-B215-42AA-8F62-DEEE596A6404}.Release|Any CPU.ActiveCfg = Release|Any CPU
		{F2169B5F-B215-42AA-8F62-DEEE596A6404}.Release|Any CPU.Build.0 = Release|Any CPU
		{4481026A-DFA6-4D4C-9D56-9777F1235AF3}.Debug|Any CPU.ActiveCfg = Debug|Any CPU
		{4481026A-DFA6-4D4C-9D56-9777F1235AF3}.Debug|Any CPU.Build.0 = Debug|Any CPU
		{4481026A-DFA6-4D4C-9D56-9777F1235AF3}.Release|Any CPU.ActiveCfg = Release|Any CPU
		{4481026A-DFA6-4D4C-9D56-9777F1235AF3}.Release|Any CPU.Build.0 = Release|Any CPU
		{9634AE6E-FCEF-4208-BE31-A7F3D5F86E0B}.Debug|Any CPU.ActiveCfg = Debug|Any CPU
		{9634AE6E-FCEF-4208-BE31-A7F3D5F86E0B}.Debug|Any CPU.Build.0 = Debug|Any CPU
		{9634AE6E-FCEF-4208-BE31-A7F3D5F86E0B}.Release|Any CPU.ActiveCfg = Release|Any CPU
		{9634AE6E-FCEF-4208-BE31-A7F3D5F86E0B}.Release|Any CPU.Build.0 = Release|Any CPU
		{AFFE077F-7BA0-4E4B-8258-64F94AFFD906}.Debug|Any CPU.ActiveCfg = Debug|Any CPU
		{AFFE077F-7BA0-4E4B-8258-64F94AFFD906}.Debug|Any CPU.Build.0 = Debug|Any CPU
		{AFFE077F-7BA0-4E4B-8258-64F94AFFD906}.Release|Any CPU.ActiveCfg = Release|Any CPU
		{AFFE077F-7BA0-4E4B-8258-64F94AFFD906}.Release|Any CPU.Build.0 = Release|Any CPU
		{A40C7B3F-F2DA-47B4-908D-E7BB8BD9129C}.Debug|Any CPU.ActiveCfg = Debug|Any CPU
		{A40C7B3F-F2DA-47B4-908D-E7BB8BD9129C}.Debug|Any CPU.Build.0 = Debug|Any CPU
		{A40C7B3F-F2DA-47B4-908D-E7BB8BD9129C}.Release|Any CPU.ActiveCfg = Release|Any CPU
		{A40C7B3F-F2DA-47B4-908D-E7BB8BD9129C}.Release|Any CPU.Build.0 = Release|Any CPU
		{351F5809-0CD0-4453-964C-FF5EF68D318B}.Debug|Any CPU.ActiveCfg = Debug|Any CPU
		{351F5809-0CD0-4453-964C-FF5EF68D318B}.Debug|Any CPU.Build.0 = Debug|Any CPU
		{351F5809-0CD0-4453-964C-FF5EF68D318B}.Release|Any CPU.ActiveCfg = Release|Any CPU
		{351F5809-0CD0-4453-964C-FF5EF68D318B}.Release|Any CPU.Build.0 = Release|Any CPU
		{70465DA9-354E-4864-99D6-4BF53ECB077B}.Debug|Any CPU.ActiveCfg = Debug|Any CPU
		{70465DA9-354E-4864-99D6-4BF53ECB077B}.Debug|Any CPU.Build.0 = Debug|Any CPU
		{70465DA9-354E-4864-99D6-4BF53ECB077B}.Release|Any CPU.ActiveCfg = Release|Any CPU
		{70465DA9-354E-4864-99D6-4BF53ECB077B}.Release|Any CPU.Build.0 = Release|Any CPU
		{B5E7D5C7-4A45-4078-96E1-D896B7823ABB}.Debug|Any CPU.ActiveCfg = Debug|Any CPU
		{B5E7D5C7-4A45-4078-96E1-D896B7823ABB}.Debug|Any CPU.Build.0 = Debug|Any CPU
		{B5E7D5C7-4A45-4078-96E1-D896B7823ABB}.Release|Any CPU.ActiveCfg = Release|Any CPU
		{B5E7D5C7-4A45-4078-96E1-D896B7823ABB}.Release|Any CPU.Build.0 = Release|Any CPU
		{13224C4C-F793-412F-9660-316AB59909F4}.Debug|Any CPU.ActiveCfg = Debug|Any CPU
		{13224C4C-F793-412F-9660-316AB59909F4}.Debug|Any CPU.Build.0 = Debug|Any CPU
		{13224C4C-F793-412F-9660-316AB59909F4}.Release|Any CPU.ActiveCfg = Release|Any CPU
		{13224C4C-F793-412F-9660-316AB59909F4}.Release|Any CPU.Build.0 = Release|Any CPU
		{AA664F95-D254-446E-88ED-53ED3E8AC6B0}.Debug|Any CPU.ActiveCfg = Debug|Any CPU
		{AA664F95-D254-446E-88ED-53ED3E8AC6B0}.Debug|Any CPU.Build.0 = Debug|Any CPU
		{AA664F95-D254-446E-88ED-53ED3E8AC6B0}.Release|Any CPU.ActiveCfg = Release|Any CPU
		{AA664F95-D254-446E-88ED-53ED3E8AC6B0}.Release|Any CPU.Build.0 = Release|Any CPU
		{E7EDB9B4-DF80-46FC-B366-073689839AFA}.Debug|Any CPU.ActiveCfg = Debug|Any CPU
		{E7EDB9B4-DF80-46FC-B366-073689839AFA}.Debug|Any CPU.Build.0 = Debug|Any CPU
		{E7EDB9B4-DF80-46FC-B366-073689839AFA}.Release|Any CPU.ActiveCfg = Release|Any CPU
		{E7EDB9B4-DF80-46FC-B366-073689839AFA}.Release|Any CPU.Build.0 = Release|Any CPU
		{F3064623-46A8-4271-9F27-6EE0D36AF6FE}.Debug|Any CPU.ActiveCfg = Debug|Any CPU
		{F3064623-46A8-4271-9F27-6EE0D36AF6FE}.Debug|Any CPU.Build.0 = Debug|Any CPU
		{F3064623-46A8-4271-9F27-6EE0D36AF6FE}.Release|Any CPU.ActiveCfg = Release|Any CPU
		{F3064623-46A8-4271-9F27-6EE0D36AF6FE}.Release|Any CPU.Build.0 = Release|Any CPU
	EndGlobalSection
	GlobalSection(SolutionProperties) = preSolution
		HideSolutionNode = FALSE
	EndGlobalSection
	GlobalSection(NestedProjects) = preSolution
		{4FFABF3E-6443-4BFF-976D-1949197096AE} = {8EF12533-817B-464A-A5B3-FEAE6E7541B7}
		{842BB849-5D9D-4FCB-9DD3-152717CE8C94} = {8EF12533-817B-464A-A5B3-FEAE6E7541B7}
		{ADB05E37-A528-4120-993A-1C351CC96BA1} = {8EF12533-817B-464A-A5B3-FEAE6E7541B7}
		{B5E7D5C7-4A45-4078-96E1-D896B7823ABB} = {04BFB546-1EC7-4093-8549-F0AB787B55AB}
		{13224C4C-F793-412F-9660-316AB59909F4} = {04BFB546-1EC7-4093-8549-F0AB787B55AB}
		{AA664F95-D254-446E-88ED-53ED3E8AC6B0} = {04BFB546-1EC7-4093-8549-F0AB787B55AB}
		{E7EDB9B4-DF80-46FC-B366-073689839AFA} = {04BFB546-1EC7-4093-8549-F0AB787B55AB}
	EndGlobalSection
	GlobalSection(ExtensibilityGlobals) = postSolution
		SolutionGuid = {BDD65F0C-A7A1-4326-85E6-BC4B0CB8A313}
	EndGlobalSection
	GlobalSection(Performance) = preSolution
		HasPerformanceSessions = true
	EndGlobalSection
	GlobalSection(Performance) = preSolution
		HasPerformanceSessions = true
	EndGlobalSection
	GlobalSection(Performance) = preSolution
		HasPerformanceSessions = true
	EndGlobalSection
	GlobalSection(Performance) = preSolution
		HasPerformanceSessions = true
	EndGlobalSection
	GlobalSection(Performance) = preSolution
		HasPerformanceSessions = true
	EndGlobalSection
	GlobalSection(Performance) = preSolution
		HasPerformanceSessions = true
	EndGlobalSection
	GlobalSection(Performance) = preSolution
		HasPerformanceSessions = true
	EndGlobalSection
EndGlobal
