
Microsoft Visual Studio Solution File, Format Version 12.00
# Visual Studio 15
VisualStudioVersion = 15.0.26403.3
MinimumVisualStudioVersion = 10.0.40219.1
Project("{FAE04EC0-301F-11D3-BF4B-00C04F79EFBC}") = "SmartSql", "SmartSql\SmartSql.csproj", "{A579D5D5-1311-4DD9-AE62-3EFE43BB87A1}"
EndProject
Project("{FAE04EC0-301F-11D3-BF4B-00C04F79EFBC}") = "SmartSql.Tests", "SmartSql.Tests\SmartSql.Tests.csproj", "{6A0B2F6A-2018-47B0-A506-787DDC83B189}"
EndProject
Project("{FAE04EC0-301F-11D3-BF4B-00C04F79EFBC}") = "SmartSql.Logging.NLog", "SmartSql.Logging.NLog\SmartSql.Logging.NLog.csproj", "{EED29BA3-9566-48FF-BF50-ED32E60C6EDD}"
EndProject
Project("{FAE04EC0-301F-11D3-BF4B-00C04F79EFBC}") = "SmartSql.Cache.Redis", "SmartSql.Cache.Redis\SmartSql.Cache.Redis.csproj", "{93C6C660-D8A8-4548-8921-AF2D9B7D847A}"
EndProject
Project("{FAE04EC0-301F-11D3-BF4B-00C04F79EFBC}") = "SmartSql.DataAccess", "SmartSql.DataAccess\SmartSql.DataAccess.csproj", "{DEB48DC2-AFA5-4463-A675-18EB754CA16E}"
EndProject
Project("{2150E333-8FDC-42A3-9474-1A3956D46DE8}") = "Generator", "Generator", "{15701446-0FB4-40EB-9A91-3A9002BCEE6D}"
EndProject
Project("{FAE04EC0-301F-11D3-BF4B-00C04F79EFBC}") = "SmartSql.CodeGenerator", "SmartSql.CodeGenerator\SmartSql.CodeGenerator.csproj", "{ADA3E170-5DFC-47E1-8041-F3404A8667AF}"
EndProject
Global
	GlobalSection(SolutionConfigurationPlatforms) = preSolution
		Debug|Any CPU = Debug|Any CPU
		Release|Any CPU = Release|Any CPU
	EndGlobalSection
	GlobalSection(ProjectConfigurationPlatforms) = postSolution
		{A579D5D5-1311-4DD9-AE62-3EFE43BB87A1}.Debug|Any CPU.ActiveCfg = Debug|Any CPU
		{A579D5D5-1311-4DD9-AE62-3EFE43BB87A1}.Debug|Any CPU.Build.0 = Debug|Any CPU
		{A579D5D5-1311-4DD9-AE62-3EFE43BB87A1}.Release|Any CPU.ActiveCfg = Release|Any CPU
		{A579D5D5-1311-4DD9-AE62-3EFE43BB87A1}.Release|Any CPU.Build.0 = Release|Any CPU
		{6A0B2F6A-2018-47B0-A506-787DDC83B189}.Debug|Any CPU.ActiveCfg = Debug|Any CPU
		{6A0B2F6A-2018-47B0-A506-787DDC83B189}.Debug|Any CPU.Build.0 = Debug|Any CPU
		{6A0B2F6A-2018-47B0-A506-787DDC83B189}.Release|Any CPU.ActiveCfg = Release|Any CPU
		{6A0B2F6A-2018-47B0-A506-787DDC83B189}.Release|Any CPU.Build.0 = Release|Any CPU
		{EED29BA3-9566-48FF-BF50-ED32E60C6EDD}.Debug|Any CPU.ActiveCfg = Debug|Any CPU
		{EED29BA3-9566-48FF-BF50-ED32E60C6EDD}.Debug|Any CPU.Build.0 = Debug|Any CPU
		{EED29BA3-9566-48FF-BF50-ED32E60C6EDD}.Release|Any CPU.ActiveCfg = Release|Any CPU
		{EED29BA3-9566-48FF-BF50-ED32E60C6EDD}.Release|Any CPU.Build.0 = Release|Any CPU
		{93C6C660-D8A8-4548-8921-AF2D9B7D847A}.Debug|Any CPU.ActiveCfg = Debug|Any CPU
		{93C6C660-D8A8-4548-8921-AF2D9B7D847A}.Debug|Any CPU.Build.0 = Debug|Any CPU
		{93C6C660-D8A8-4548-8921-AF2D9B7D847A}.Release|Any CPU.ActiveCfg = Release|Any CPU
		{93C6C660-D8A8-4548-8921-AF2D9B7D847A}.Release|Any CPU.Build.0 = Release|Any CPU
		{DEB48DC2-AFA5-4463-A675-18EB754CA16E}.Debug|Any CPU.ActiveCfg = Debug|Any CPU
		{DEB48DC2-AFA5-4463-A675-18EB754CA16E}.Debug|Any CPU.Build.0 = Debug|Any CPU
		{DEB48DC2-AFA5-4463-A675-18EB754CA16E}.Release|Any CPU.ActiveCfg = Release|Any CPU
		{DEB48DC2-AFA5-4463-A675-18EB754CA16E}.Release|Any CPU.Build.0 = Release|Any CPU
		{ADA3E170-5DFC-47E1-8041-F3404A8667AF}.Debug|Any CPU.ActiveCfg = Debug|Any CPU
		{ADA3E170-5DFC-47E1-8041-F3404A8667AF}.Debug|Any CPU.Build.0 = Debug|Any CPU
		{ADA3E170-5DFC-47E1-8041-F3404A8667AF}.Release|Any CPU.ActiveCfg = Release|Any CPU
		{ADA3E170-5DFC-47E1-8041-F3404A8667AF}.Release|Any CPU.Build.0 = Release|Any CPU
	EndGlobalSection
	GlobalSection(SolutionProperties) = preSolution
		HideSolutionNode = FALSE
	EndGlobalSection
	GlobalSection(NestedProjects) = preSolution
		{ADA3E170-5DFC-47E1-8041-F3404A8667AF} = {15701446-0FB4-40EB-9A91-3A9002BCEE6D}
	EndGlobalSection
EndGlobal
