
Microsoft Visual Studio Solution File, Format Version 12.00
# Visual Studio Version 17
VisualStudioVersion = 17.9.34616.47
MinimumVisualStudioVersion = 10.0.40219.1
Project("{9A19103F-16F7-4668-BE54-9A1E7A4F7556}") = "SmartSql", "src\SmartSql\SmartSql.csproj", "{88EAF92D-6365-494C-96CC-FABD961B4CA5}"
EndProject
Project("{9A19103F-16F7-4668-BE54-9A1E7A4F7556}") = "SmartSql.TypeHandler", "src\SmartSql.TypeHandler\SmartSql.TypeHandler.csproj", "{B80B6049-BA83-48D0-8283-5C3152F9ED7E}"
EndProject
Project("{2150E333-8FDC-42A3-9474-1A3956D46DE8}") = "TypeHandlers", "TypeHandlers", "{7F45E426-C88F-45AB-A4B6-52F3290FB554}"
EndProject
Project("{2150E333-8FDC-42A3-9474-1A3956D46DE8}") = "Cache", "Cache", "{9E0B56FD-1AEC-414A-9630-555FA06B287F}"
EndProject
Project("{2150E333-8FDC-42A3-9474-1A3956D46DE8}") = "ConfigBuilder", "ConfigBuilder", "{4F0EEDDD-0300-4F32-A8E8-D4121AE83F23}"
EndProject
Project("{2150E333-8FDC-42A3-9474-1A3956D46DE8}") = "Bulk", "Bulk", "{10CE96D5-C0F2-48F4-AF24-4B07C1B36FA8}"
EndProject
Project("{9A19103F-16F7-4668-BE54-9A1E7A4F7556}") = "SmartSql.Cache.Redis", "src\SmartSql.Cache.Redis\SmartSql.Cache.Redis.csproj", "{76805752-5A3B-4A9F-9ECD-B68192916680}"
EndProject
Project("{9A19103F-16F7-4668-BE54-9A1E7A4F7556}") = "SmartSql.TypeHandler.PostgreSql", "src\SmartSql.TypeHandler.PostgreSql\SmartSql.TypeHandler.PostgreSql.csproj", "{15779F56-A898-42F8-BAA7-2D98A982EF2B}"
EndProject
Project("{9A19103F-16F7-4668-BE54-9A1E7A4F7556}") = "SmartSql.DyRepository", "src\SmartSql.DyRepository\SmartSql.DyRepository.csproj", "{EF786F7E-D624-44F3-93D5-A83BB30A3EC0}"
EndProject
Project("{9A19103F-16F7-4668-BE54-9A1E7A4F7556}") = "SmartSql.DIExtension", "src\SmartSql.DIExtension\SmartSql.DIExtension.csproj", "{689A7F48-F39C-4DF1-91B2-3B9A2A9C156B}"
EndProject
Project("{9A19103F-16F7-4668-BE54-9A1E7A4F7556}") = "SmartSql.Bulk", "src\SmartSql.Bulk\SmartSql.Bulk.csproj", "{D78A759C-863C-43FC-8EDC-BBA065B842CE}"
EndProject
Project("{9A19103F-16F7-4668-BE54-9A1E7A4F7556}") = "SmartSql.Bulk.MySql", "src\SmartSql.Bulk.MySql\SmartSql.Bulk.MySql.csproj", "{A407913A-3313-4157-8505-7177C5FB28A5}"
EndProject
Project("{9A19103F-16F7-4668-BE54-9A1E7A4F7556}") = "SmartSql.Bulk.SqlServer", "src\SmartSql.Bulk.SqlServer\SmartSql.Bulk.SqlServer.csproj", "{984EE14D-F7F8-4443-A8A9-B8CF18EFA336}"
EndProject
Project("{9A19103F-16F7-4668-BE54-9A1E7A4F7556}") = "SmartSql.Bulk.PostgreSql", "src\SmartSql.Bulk.PostgreSql\SmartSql.Bulk.PostgreSql.csproj", "{19C19379-6E4C-475E-A66D-94AEAE00348A}"
EndProject
Project("{2150E333-8FDC-42A3-9474-1A3956D46DE8}") = "Tests", "Tests", "{AEE829CC-51F5-4662-8C53-C585052E0764}"
EndProject
Project("{9A19103F-16F7-4668-BE54-9A1E7A4F7556}") = "SmartSql.Test", "src\SmartSql.Test\SmartSql.Test.csproj", "{8D45FE29-C1A1-4735-932B-3CC47B4C8999}"
EndProject
Project("{9A19103F-16F7-4668-BE54-9A1E7A4F7556}") = "SmartSql.Test.Performance", "src\SmartSql.Test.Performance\SmartSql.Test.Performance.csproj", "{6B342B2E-DF7D-40D7-A9E1-A410BA33E339}"
EndProject
Project("{9A19103F-16F7-4668-BE54-9A1E7A4F7556}") = "SmartSql.Test.Unit", "src\SmartSql.Test.Unit\SmartSql.Test.Unit.csproj", "{4A105342-B8C1-4797-B647-2BFF876637F2}"
EndProject
Project("{9A19103F-16F7-4668-BE54-9A1E7A4F7556}") = "SmartSql.ScriptTag", "src\SmartSql.ScriptTag\SmartSql.ScriptTag.csproj", "{B3F8B542-78C2-4C0A-B72F-944038955D07}"
EndProject
Project("{2150E333-8FDC-42A3-9474-1A3956D46DE8}") = "Build", "Build", "{7852FC37-80C5-465C-8195-D0D1B313A862}"
	ProjectSection(SolutionItems) = preProject
		Directory.Build.props = Directory.Build.props
		build\version.props = build\version.props
	EndProjectSection
EndProject
Project("{2150E333-8FDC-42A3-9474-1A3956D46DE8}") = "Solution Items", "Solution Items", "{E32377D3-40D5-4158-904C-2BA6DEE1FA45}"
	ProjectSection(SolutionItems) = preProject
		.gitignore = .gitignore
		LICENSE = LICENSE
		README.md = README.md
		SmartSql.sln.DotSettings.user = SmartSql.sln.DotSettings.user
	EndProjectSection
EndProject
Project("{2150E333-8FDC-42A3-9474-1A3956D46DE8}") = "src", "src", "{6DDF0BFB-B7B7-4ABE-8346-E99D1E01670C}"
EndProject
Project("{2150E333-8FDC-42A3-9474-1A3956D46DE8}") = "sample", "sample", "{E0AF1B38-B6B1-471B-9493-B84B066109F6}"
EndProject
Project("{9A19103F-16F7-4668-BE54-9A1E7A4F7556}") = "SmartSql.Sample.AspNetCore", "sample\SmartSql.Sample.AspNetCore\SmartSql.Sample.AspNetCore.csproj", "{71B93091-C0FD-4D1A-B383-A8C616BCD0FB}"
EndProject
Project("{9A19103F-16F7-4668-BE54-9A1E7A4F7556}") = "SmartSql.Options", "src\SmartSql.Options\SmartSql.Options.csproj", "{79F47225-6996-44A0-82BF-F82E9ECBFEFD}"
EndProject
Project("{2150E333-8FDC-42A3-9474-1A3956D46DE8}") = "Schema", "Schema", "{2F107069-A721-4EC2-84CC-C7E0940A6124}"
	ProjectSection(SolutionItems) = preProject
		doc\Schema\SmartSqlMap.xsd = doc\Schema\SmartSqlMap.xsd
		doc\Schema\SmartSqlMapConfig.xsd = doc\Schema\SmartSqlMapConfig.xsd
	EndProjectSection
EndProject
Project("{2150E333-8FDC-42A3-9474-1A3956D46DE8}") = "Config", "Config", "{E52317A9-2812-4B9E-8A9B-B9576BC6BD95}"
	ProjectSection(SolutionItems) = preProject
		doc\Config\Entity.xml = doc\Config\Entity.xml
		doc\Config\SmartSql.Config.nuspec = doc\Config\SmartSql.Config.nuspec
		doc\Config\SmartSqlMapConfig.xml = doc\Config\SmartSqlMapConfig.xml
	EndProjectSection
EndProject
Project("{2150E333-8FDC-42A3-9474-1A3956D46DE8}") = "Extensions", "Extensions", "{FB71A21B-B0FD-4F40-985D-4BB7756D33BF}"
EndProject
Project("{9A19103F-16F7-4668-BE54-9A1E7A4F7556}") = "SmartSql.AOP", "src\SmartSql.AOP\SmartSql.AOP.csproj", "{141E2EFF-0D74-4A11-8CC4-B48B8D3BD06B}"
EndProject
Project("{9A19103F-16F7-4668-BE54-9A1E7A4F7556}") = "SmartSql.Extensions", "src\SmartSql.Extensions\SmartSql.Extensions.csproj", "{D32B306D-6D46-4C4A-9116-97845684192A}"
EndProject
Project("{9A19103F-16F7-4668-BE54-9A1E7A4F7556}") = "SmartSql.Bulk.MySqlConnector", "src\SmartSql.Bulk.MySqlConnector\SmartSql.Bulk.MySqlConnector.csproj", "{D78D36E8-B534-4B92-9C08-5F2B422029E6}"
EndProject
Project("{2150E333-8FDC-42A3-9474-1A3956D46DE8}") = "Sync", "Sync", "{903A0C86-20AC-4E4A-A33F-25706FA0E20A}"
EndProject
Project("{9A19103F-16F7-4668-BE54-9A1E7A4F7556}") = "SmartSql.InvokeSync", "src\SmartSql.InvokeSync\SmartSql.InvokeSync.csproj", "{F97E8897-6A81-49FE-A4CC-636F33A12AF6}"
EndProject
Project("{9A19103F-16F7-4668-BE54-9A1E7A4F7556}") = "SmartSql.InvokeSync.Kafka", "src\SmartSql.InvokeSync.Kafka\SmartSql.InvokeSync.Kafka.csproj", "{351A1466-8FE0-41F0-8A13-4F1BA973C58F}"
EndProject
Project("{9A19103F-16F7-4668-BE54-9A1E7A4F7556}") = "SmartSql.InvokeSync.RabbitMQ", "src\SmartSql.InvokeSync.RabbitMQ\SmartSql.InvokeSync.RabbitMQ.csproj", "{9FC40FC1-8FEC-4048-A78B-AA392F87DCA2}"
EndProject
Project("{9A19103F-16F7-4668-BE54-9A1E7A4F7556}") = "SmartSql.Cache.Sync", "src\SmartSql.Cache.Sync\SmartSql.Cache.Sync.csproj", "{1F4EA4D3-D710-480E-9561-69DE388EAFE2}"
EndProject
Project("{9A19103F-16F7-4668-BE54-9A1E7A4F7556}") = "SmartSql.DataConnector", "src\SmartSql.DataConnector\SmartSql.DataConnector.csproj", "{B6C8A252-B5D8-479B-8518-21AB79B65670}"
EndProject
Project("{9A19103F-16F7-4668-BE54-9A1E7A4F7556}") = "SmartSql.Oracle", "src\SmartSql.Oracle\SmartSql.Oracle.csproj", "{F27F1F16-F219-43FF-BEBE-6BDF9FC89A9E}"
EndProject
Project("{9A19103F-16F7-4668-BE54-9A1E7A4F7556}") = "SmartSql.Bulk.MsSqlServer", "src\SmartSql.Bulk.MsSqlServer\SmartSql.Bulk.MsSqlServer.csproj", "{8CC66FDB-3775-4D17-B555-D8462AD693D9}"
EndProject
Project("{FAE04EC0-301F-11D3-BF4B-00C04F79EFBC}") = "SmartSql.Bulk.Oracle", "src\SmartSql.Bulk.Oracle\SmartSql.Bulk.Oracle.csproj", "{DD1E3E05-CEF2-4C46-A5F1-D78F4615054E}"
EndProject
Global
	GlobalSection(SolutionConfigurationPlatforms) = preSolution
		Debug|Any CPU = Debug|Any CPU
		Release|Any CPU = Release|Any CPU
	EndGlobalSection
	GlobalSection(ProjectConfigurationPlatforms) = postSolution
		{88EAF92D-6365-494C-96CC-FABD961B4CA5}.Debug|Any CPU.ActiveCfg = Debug|Any CPU
		{88EAF92D-6365-494C-96CC-FABD961B4CA5}.Debug|Any CPU.Build.0 = Debug|Any CPU
		{88EAF92D-6365-494C-96CC-FABD961B4CA5}.Release|Any CPU.ActiveCfg = Release|Any CPU
		{88EAF92D-6365-494C-96CC-FABD961B4CA5}.Release|Any CPU.Build.0 = Release|Any CPU
		{B80B6049-BA83-48D0-8283-5C3152F9ED7E}.Debug|Any CPU.ActiveCfg = Debug|Any CPU
		{B80B6049-BA83-48D0-8283-5C3152F9ED7E}.Debug|Any CPU.Build.0 = Debug|Any CPU
		{B80B6049-BA83-48D0-8283-5C3152F9ED7E}.Release|Any CPU.ActiveCfg = Release|Any CPU
		{B80B6049-BA83-48D0-8283-5C3152F9ED7E}.Release|Any CPU.Build.0 = Release|Any CPU
		{76805752-5A3B-4A9F-9ECD-B68192916680}.Debug|Any CPU.ActiveCfg = Debug|Any CPU
		{76805752-5A3B-4A9F-9ECD-B68192916680}.Debug|Any CPU.Build.0 = Debug|Any CPU
		{76805752-5A3B-4A9F-9ECD-B68192916680}.Release|Any CPU.ActiveCfg = Release|Any CPU
		{76805752-5A3B-4A9F-9ECD-B68192916680}.Release|Any CPU.Build.0 = Release|Any CPU
		{15779F56-A898-42F8-BAA7-2D98A982EF2B}.Debug|Any CPU.ActiveCfg = Debug|Any CPU
		{15779F56-A898-42F8-BAA7-2D98A982EF2B}.Debug|Any CPU.Build.0 = Debug|Any CPU
		{15779F56-A898-42F8-BAA7-2D98A982EF2B}.Release|Any CPU.ActiveCfg = Release|Any CPU
		{15779F56-A898-42F8-BAA7-2D98A982EF2B}.Release|Any CPU.Build.0 = Release|Any CPU
		{EF786F7E-D624-44F3-93D5-A83BB30A3EC0}.Debug|Any CPU.ActiveCfg = Debug|Any CPU
		{EF786F7E-D624-44F3-93D5-A83BB30A3EC0}.Debug|Any CPU.Build.0 = Debug|Any CPU
		{EF786F7E-D624-44F3-93D5-A83BB30A3EC0}.Release|Any CPU.ActiveCfg = Release|Any CPU
		{EF786F7E-D624-44F3-93D5-A83BB30A3EC0}.Release|Any CPU.Build.0 = Release|Any CPU
		{689A7F48-F39C-4DF1-91B2-3B9A2A9C156B}.Debug|Any CPU.ActiveCfg = Debug|Any CPU
		{689A7F48-F39C-4DF1-91B2-3B9A2A9C156B}.Debug|Any CPU.Build.0 = Debug|Any CPU
		{689A7F48-F39C-4DF1-91B2-3B9A2A9C156B}.Release|Any CPU.ActiveCfg = Release|Any CPU
		{689A7F48-F39C-4DF1-91B2-3B9A2A9C156B}.Release|Any CPU.Build.0 = Release|Any CPU
		{D78A759C-863C-43FC-8EDC-BBA065B842CE}.Debug|Any CPU.ActiveCfg = Debug|Any CPU
		{D78A759C-863C-43FC-8EDC-BBA065B842CE}.Debug|Any CPU.Build.0 = Debug|Any CPU
		{D78A759C-863C-43FC-8EDC-BBA065B842CE}.Release|Any CPU.ActiveCfg = Release|Any CPU
		{D78A759C-863C-43FC-8EDC-BBA065B842CE}.Release|Any CPU.Build.0 = Release|Any CPU
		{A407913A-3313-4157-8505-7177C5FB28A5}.Debug|Any CPU.ActiveCfg = Debug|Any CPU
		{A407913A-3313-4157-8505-7177C5FB28A5}.Debug|Any CPU.Build.0 = Debug|Any CPU
		{A407913A-3313-4157-8505-7177C5FB28A5}.Release|Any CPU.ActiveCfg = Release|Any CPU
		{A407913A-3313-4157-8505-7177C5FB28A5}.Release|Any CPU.Build.0 = Release|Any CPU
		{984EE14D-F7F8-4443-A8A9-B8CF18EFA336}.Debug|Any CPU.ActiveCfg = Debug|Any CPU
		{984EE14D-F7F8-4443-A8A9-B8CF18EFA336}.Debug|Any CPU.Build.0 = Debug|Any CPU
		{984EE14D-F7F8-4443-A8A9-B8CF18EFA336}.Release|Any CPU.ActiveCfg = Release|Any CPU
		{984EE14D-F7F8-4443-A8A9-B8CF18EFA336}.Release|Any CPU.Build.0 = Release|Any CPU
		{19C19379-6E4C-475E-A66D-94AEAE00348A}.Debug|Any CPU.ActiveCfg = Debug|Any CPU
		{19C19379-6E4C-475E-A66D-94AEAE00348A}.Debug|Any CPU.Build.0 = Debug|Any CPU
		{19C19379-6E4C-475E-A66D-94AEAE00348A}.Release|Any CPU.ActiveCfg = Release|Any CPU
		{19C19379-6E4C-475E-A66D-94AEAE00348A}.Release|Any CPU.Build.0 = Release|Any CPU
		{8D45FE29-C1A1-4735-932B-3CC47B4C8999}.Debug|Any CPU.ActiveCfg = Debug|Any CPU
		{8D45FE29-C1A1-4735-932B-3CC47B4C8999}.Debug|Any CPU.Build.0 = Debug|Any CPU
		{8D45FE29-C1A1-4735-932B-3CC47B4C8999}.Release|Any CPU.ActiveCfg = Release|Any CPU
		{8D45FE29-C1A1-4735-932B-3CC47B4C8999}.Release|Any CPU.Build.0 = Release|Any CPU
		{6B342B2E-DF7D-40D7-A9E1-A410BA33E339}.Debug|Any CPU.ActiveCfg = Debug|Any CPU
		{6B342B2E-DF7D-40D7-A9E1-A410BA33E339}.Debug|Any CPU.Build.0 = Debug|Any CPU
		{6B342B2E-DF7D-40D7-A9E1-A410BA33E339}.Release|Any CPU.ActiveCfg = Release|Any CPU
		{6B342B2E-DF7D-40D7-A9E1-A410BA33E339}.Release|Any CPU.Build.0 = Release|Any CPU
		{4A105342-B8C1-4797-B647-2BFF876637F2}.Debug|Any CPU.ActiveCfg = Debug|Any CPU
		{4A105342-B8C1-4797-B647-2BFF876637F2}.Debug|Any CPU.Build.0 = Debug|Any CPU
		{4A105342-B8C1-4797-B647-2BFF876637F2}.Release|Any CPU.ActiveCfg = Release|Any CPU
		{4A105342-B8C1-4797-B647-2BFF876637F2}.Release|Any CPU.Build.0 = Release|Any CPU
		{B3F8B542-78C2-4C0A-B72F-944038955D07}.Debug|Any CPU.ActiveCfg = Debug|Any CPU
		{B3F8B542-78C2-4C0A-B72F-944038955D07}.Debug|Any CPU.Build.0 = Debug|Any CPU
		{B3F8B542-78C2-4C0A-B72F-944038955D07}.Release|Any CPU.ActiveCfg = Release|Any CPU
		{B3F8B542-78C2-4C0A-B72F-944038955D07}.Release|Any CPU.Build.0 = Release|Any CPU
		{71B93091-C0FD-4D1A-B383-A8C616BCD0FB}.Debug|Any CPU.ActiveCfg = Debug|Any CPU
		{71B93091-C0FD-4D1A-B383-A8C616BCD0FB}.Debug|Any CPU.Build.0 = Debug|Any CPU
		{71B93091-C0FD-4D1A-B383-A8C616BCD0FB}.Release|Any CPU.ActiveCfg = Release|Any CPU
		{71B93091-C0FD-4D1A-B383-A8C616BCD0FB}.Release|Any CPU.Build.0 = Release|Any CPU
		{79F47225-6996-44A0-82BF-F82E9ECBFEFD}.Debug|Any CPU.ActiveCfg = Debug|Any CPU
		{79F47225-6996-44A0-82BF-F82E9ECBFEFD}.Debug|Any CPU.Build.0 = Debug|Any CPU
		{79F47225-6996-44A0-82BF-F82E9ECBFEFD}.Release|Any CPU.ActiveCfg = Release|Any CPU
		{79F47225-6996-44A0-82BF-F82E9ECBFEFD}.Release|Any CPU.Build.0 = Release|Any CPU
		{141E2EFF-0D74-4A11-8CC4-B48B8D3BD06B}.Debug|Any CPU.ActiveCfg = Debug|Any CPU
		{141E2EFF-0D74-4A11-8CC4-B48B8D3BD06B}.Debug|Any CPU.Build.0 = Debug|Any CPU
		{141E2EFF-0D74-4A11-8CC4-B48B8D3BD06B}.Release|Any CPU.ActiveCfg = Release|Any CPU
		{141E2EFF-0D74-4A11-8CC4-B48B8D3BD06B}.Release|Any CPU.Build.0 = Release|Any CPU
		{D32B306D-6D46-4C4A-9116-97845684192A}.Debug|Any CPU.ActiveCfg = Debug|Any CPU
		{D32B306D-6D46-4C4A-9116-97845684192A}.Debug|Any CPU.Build.0 = Debug|Any CPU
		{D32B306D-6D46-4C4A-9116-97845684192A}.Release|Any CPU.ActiveCfg = Release|Any CPU
		{D32B306D-6D46-4C4A-9116-97845684192A}.Release|Any CPU.Build.0 = Release|Any CPU
		{D78D36E8-B534-4B92-9C08-5F2B422029E6}.Debug|Any CPU.ActiveCfg = Debug|Any CPU
		{D78D36E8-B534-4B92-9C08-5F2B422029E6}.Debug|Any CPU.Build.0 = Debug|Any CPU
		{D78D36E8-B534-4B92-9C08-5F2B422029E6}.Release|Any CPU.ActiveCfg = Release|Any CPU
		{D78D36E8-B534-4B92-9C08-5F2B422029E6}.Release|Any CPU.Build.0 = Release|Any CPU
		{F97E8897-6A81-49FE-A4CC-636F33A12AF6}.Debug|Any CPU.ActiveCfg = Debug|Any CPU
		{F97E8897-6A81-49FE-A4CC-636F33A12AF6}.Debug|Any CPU.Build.0 = Debug|Any CPU
		{F97E8897-6A81-49FE-A4CC-636F33A12AF6}.Release|Any CPU.ActiveCfg = Release|Any CPU
		{F97E8897-6A81-49FE-A4CC-636F33A12AF6}.Release|Any CPU.Build.0 = Release|Any CPU
		{351A1466-8FE0-41F0-8A13-4F1BA973C58F}.Debug|Any CPU.ActiveCfg = Debug|Any CPU
		{351A1466-8FE0-41F0-8A13-4F1BA973C58F}.Debug|Any CPU.Build.0 = Debug|Any CPU
		{351A1466-8FE0-41F0-8A13-4F1BA973C58F}.Release|Any CPU.ActiveCfg = Release|Any CPU
		{351A1466-8FE0-41F0-8A13-4F1BA973C58F}.Release|Any CPU.Build.0 = Release|Any CPU
		{9FC40FC1-8FEC-4048-A78B-AA392F87DCA2}.Debug|Any CPU.ActiveCfg = Debug|Any CPU
		{9FC40FC1-8FEC-4048-A78B-AA392F87DCA2}.Debug|Any CPU.Build.0 = Debug|Any CPU
		{9FC40FC1-8FEC-4048-A78B-AA392F87DCA2}.Release|Any CPU.ActiveCfg = Release|Any CPU
		{9FC40FC1-8FEC-4048-A78B-AA392F87DCA2}.Release|Any CPU.Build.0 = Release|Any CPU
		{1F4EA4D3-D710-480E-9561-69DE388EAFE2}.Debug|Any CPU.ActiveCfg = Debug|Any CPU
		{1F4EA4D3-D710-480E-9561-69DE388EAFE2}.Debug|Any CPU.Build.0 = Debug|Any CPU
		{1F4EA4D3-D710-480E-9561-69DE388EAFE2}.Release|Any CPU.ActiveCfg = Release|Any CPU
		{1F4EA4D3-D710-480E-9561-69DE388EAFE2}.Release|Any CPU.Build.0 = Release|Any CPU
		{B6C8A252-B5D8-479B-8518-21AB79B65670}.Debug|Any CPU.ActiveCfg = Debug|Any CPU
		{B6C8A252-B5D8-479B-8518-21AB79B65670}.Debug|Any CPU.Build.0 = Debug|Any CPU
		{B6C8A252-B5D8-479B-8518-21AB79B65670}.Release|Any CPU.ActiveCfg = Release|Any CPU
		{B6C8A252-B5D8-479B-8518-21AB79B65670}.Release|Any CPU.Build.0 = Release|Any CPU
		{F27F1F16-F219-43FF-BEBE-6BDF9FC89A9E}.Debug|Any CPU.ActiveCfg = Debug|Any CPU
		{F27F1F16-F219-43FF-BEBE-6BDF9FC89A9E}.Debug|Any CPU.Build.0 = Debug|Any CPU
		{F27F1F16-F219-43FF-BEBE-6BDF9FC89A9E}.Release|Any CPU.ActiveCfg = Release|Any CPU
		{F27F1F16-F219-43FF-BEBE-6BDF9FC89A9E}.Release|Any CPU.Build.0 = Release|Any CPU
		{8CC66FDB-3775-4D17-B555-D8462AD693D9}.Debug|Any CPU.ActiveCfg = Debug|Any CPU
		{8CC66FDB-3775-4D17-B555-D8462AD693D9}.Debug|Any CPU.Build.0 = Debug|Any CPU
		{8CC66FDB-3775-4D17-B555-D8462AD693D9}.Release|Any CPU.ActiveCfg = Release|Any CPU
		{8CC66FDB-3775-4D17-B555-D8462AD693D9}.Release|Any CPU.Build.0 = Release|Any CPU
		{DD1E3E05-CEF2-4C46-A5F1-D78F4615054E}.Debug|Any CPU.ActiveCfg = Debug|Any CPU
		{DD1E3E05-CEF2-4C46-A5F1-D78F4615054E}.Debug|Any CPU.Build.0 = Debug|Any CPU
		{DD1E3E05-CEF2-4C46-A5F1-D78F4615054E}.Release|Any CPU.ActiveCfg = Release|Any CPU
		{DD1E3E05-CEF2-4C46-A5F1-D78F4615054E}.Release|Any CPU.Build.0 = Release|Any CPU
	EndGlobalSection
	GlobalSection(SolutionProperties) = preSolution
		HideSolutionNode = FALSE
	EndGlobalSection
	GlobalSection(NestedProjects) = preSolution
		{88EAF92D-6365-494C-96CC-FABD961B4CA5} = {6DDF0BFB-B7B7-4ABE-8346-E99D1E01670C}
		{B80B6049-BA83-48D0-8283-5C3152F9ED7E} = {7F45E426-C88F-45AB-A4B6-52F3290FB554}
		{7F45E426-C88F-45AB-A4B6-52F3290FB554} = {6DDF0BFB-B7B7-4ABE-8346-E99D1E01670C}
		{9E0B56FD-1AEC-414A-9630-555FA06B287F} = {6DDF0BFB-B7B7-4ABE-8346-E99D1E01670C}
		{4F0EEDDD-0300-4F32-A8E8-D4121AE83F23} = {6DDF0BFB-B7B7-4ABE-8346-E99D1E01670C}
		{10CE96D5-C0F2-48F4-AF24-4B07C1B36FA8} = {6DDF0BFB-B7B7-4ABE-8346-E99D1E01670C}
		{76805752-5A3B-4A9F-9ECD-B68192916680} = {9E0B56FD-1AEC-414A-9630-555FA06B287F}
		{15779F56-A898-42F8-BAA7-2D98A982EF2B} = {7F45E426-C88F-45AB-A4B6-52F3290FB554}
		{EF786F7E-D624-44F3-93D5-A83BB30A3EC0} = {6DDF0BFB-B7B7-4ABE-8346-E99D1E01670C}
		{689A7F48-F39C-4DF1-91B2-3B9A2A9C156B} = {6DDF0BFB-B7B7-4ABE-8346-E99D1E01670C}
		{D78A759C-863C-43FC-8EDC-BBA065B842CE} = {10CE96D5-C0F2-48F4-AF24-4B07C1B36FA8}
		{A407913A-3313-4157-8505-7177C5FB28A5} = {10CE96D5-C0F2-48F4-AF24-4B07C1B36FA8}
		{984EE14D-F7F8-4443-A8A9-B8CF18EFA336} = {10CE96D5-C0F2-48F4-AF24-4B07C1B36FA8}
		{19C19379-6E4C-475E-A66D-94AEAE00348A} = {10CE96D5-C0F2-48F4-AF24-4B07C1B36FA8}
		{8D45FE29-C1A1-4735-932B-3CC47B4C8999} = {AEE829CC-51F5-4662-8C53-C585052E0764}
		{6B342B2E-DF7D-40D7-A9E1-A410BA33E339} = {AEE829CC-51F5-4662-8C53-C585052E0764}
		{4A105342-B8C1-4797-B647-2BFF876637F2} = {AEE829CC-51F5-4662-8C53-C585052E0764}
		{B3F8B542-78C2-4C0A-B72F-944038955D07} = {6DDF0BFB-B7B7-4ABE-8346-E99D1E01670C}
		{71B93091-C0FD-4D1A-B383-A8C616BCD0FB} = {E0AF1B38-B6B1-471B-9493-B84B066109F6}
		{79F47225-6996-44A0-82BF-F82E9ECBFEFD} = {4F0EEDDD-0300-4F32-A8E8-D4121AE83F23}
		{2F107069-A721-4EC2-84CC-C7E0940A6124} = {E32377D3-40D5-4158-904C-2BA6DEE1FA45}
		{E52317A9-2812-4B9E-8A9B-B9576BC6BD95} = {E32377D3-40D5-4158-904C-2BA6DEE1FA45}
		{FB71A21B-B0FD-4F40-985D-4BB7756D33BF} = {6DDF0BFB-B7B7-4ABE-8346-E99D1E01670C}
		{141E2EFF-0D74-4A11-8CC4-B48B8D3BD06B} = {FB71A21B-B0FD-4F40-985D-4BB7756D33BF}
		{D32B306D-6D46-4C4A-9116-97845684192A} = {FB71A21B-B0FD-4F40-985D-4BB7756D33BF}
		{D78D36E8-B534-4B92-9C08-5F2B422029E6} = {10CE96D5-C0F2-48F4-AF24-4B07C1B36FA8}
		{903A0C86-20AC-4E4A-A33F-25706FA0E20A} = {6DDF0BFB-B7B7-4ABE-8346-E99D1E01670C}
		{F97E8897-6A81-49FE-A4CC-636F33A12AF6} = {903A0C86-20AC-4E4A-A33F-25706FA0E20A}
		{351A1466-8FE0-41F0-8A13-4F1BA973C58F} = {903A0C86-20AC-4E4A-A33F-25706FA0E20A}
		{9FC40FC1-8FEC-4048-A78B-AA392F87DCA2} = {903A0C86-20AC-4E4A-A33F-25706FA0E20A}
		{1F4EA4D3-D710-480E-9561-69DE388EAFE2} = {9E0B56FD-1AEC-414A-9630-555FA06B287F}
		{B6C8A252-B5D8-479B-8518-21AB79B65670} = {903A0C86-20AC-4E4A-A33F-25706FA0E20A}
		{F27F1F16-F219-43FF-BEBE-6BDF9FC89A9E} = {FB71A21B-B0FD-4F40-985D-4BB7756D33BF}
		{8CC66FDB-3775-4D17-B555-D8462AD693D9} = {10CE96D5-C0F2-48F4-AF24-4B07C1B36FA8}
		{DD1E3E05-CEF2-4C46-A5F1-D78F4615054E} = {10CE96D5-C0F2-48F4-AF24-4B07C1B36FA8}
	EndGlobalSection
	GlobalSection(ExtensibilityGlobals) = postSolution
		SolutionGuid = {6942F9AB-D574-4C16-8CF7-0D10B637237B}
	EndGlobalSection
	GlobalSection(Performance) = preSolution
		HasPerformanceSessions = true
	EndGlobalSection
EndGlobal
